
Microsoft Visual Studio Solution File, Format Version 12.00
# Visual Studio Version 17
VisualStudioVersion = 17.10.35013.160
MinimumVisualStudioVersion = 10.0.40219.1
Project("{9A19103F-16F7-4668-BE54-9A1E7A4F7556}") = "BlazorGoogleAuth", "BlazorGoogleAuth\BlazorGoogleAuth.csproj", "{F64520C2-B67E-438C-BB75-6755CA24C351}"
EndProject
Project("{9A19103F-16F7-4668-BE54-9A1E7A4F7556}") = "BlazorGoogleAuth.Client", "BlazorGoogleAuth.Client\BlazorGoogleAuth.Client.csproj", "{34ECADBB-A0DF-41C0-8311-F4B6B05DC920}"
EndProject
Global
	GlobalSection(SolutionConfigurationPlatforms) = preSolution
		Debug|Any CPU = Debug|Any CPU
		Release|Any CPU = Release|Any CPU
	EndGlobalSection
	GlobalSection(ProjectConfigurationPlatforms) = postSolution
		{F64520C2-B67E-438C-BB75-6755CA24C351}.Debug|Any CPU.ActiveCfg = Debug|Any CPU
		{F64520C2-B67E-438C-BB75-6755CA24C351}.Debug|Any CPU.Build.0 = Debug|Any CPU
		{F64520C2-B67E-438C-BB75-6755CA24C351}.Release|Any CPU.ActiveCfg = Release|Any CPU
		{F64520C2-B67E-438C-BB75-6755CA24C351}.Release|Any CPU.Build.0 = Release|Any CPU
		{34ECADBB-A0DF-41C0-8311-F4B6B05DC920}.Debug|Any CPU.ActiveCfg = Debug|Any CPU
		{34ECADBB-A0DF-41C0-8311-F4B6B05DC920}.Debug|Any CPU.Build.0 = Debug|Any CPU
		{34ECADBB-A0DF-41C0-8311-F4B6B05DC920}.Release|Any CPU.ActiveCfg = Release|Any CPU
		{34ECADBB-A0DF-41C0-8311-F4B6B05DC920}.Release|Any CPU.Build.0 = Release|Any CPU
	EndGlobalSection
	GlobalSection(SolutionProperties) = preSolution
		HideSolutionNode = FALSE
	EndGlobalSection
	GlobalSection(ExtensibilityGlobals) = postSolution
		SolutionGuid = {44556118-9298-4700-8D0F-DF386D622690}
	EndGlobalSection
EndGlobal
